// !$*UTF8*$!
{
	archiveVersion = 1;
	classes = {
	};
	objectVersion = 46;
	objects = {

/* Begin PBXBuildFile section */
		330F0FA11E77806300F02C67 /* AppDelegate.swift in Sources */ = {isa = PBXBuildFile; fileRef = 330F0FA01E77806300F02C67 /* AppDelegate.swift */; };
		330F0FA31E77806300F02C67 /* ViewController.swift in Sources */ = {isa = PBXBuildFile; fileRef = 330F0FA21E77806300F02C67 /* ViewController.swift */; };
		330F0FA61E77806300F02C67 /* Main.storyboard in Resources */ = {isa = PBXBuildFile; fileRef = 330F0FA41E77806300F02C67 /* Main.storyboard */; };
		330F0FA81E77806300F02C67 /* Assets.xcassets in Resources */ = {isa = PBXBuildFile; fileRef = 330F0FA71E77806300F02C67 /* Assets.xcassets */; };
		330F0FAB1E77806300F02C67 /* LaunchScreen.storyboard in Resources */ = {isa = PBXBuildFile; fileRef = 330F0FA91E77806300F02C67 /* LaunchScreen.storyboard */; };
		330F0FB61E77806400F02C67 /* School_Zone_SafetyTests.swift in Sources */ = {isa = PBXBuildFile; fileRef = 330F0FB51E77806400F02C67 /* School_Zone_SafetyTests.swift */; };
		330F0FC11E77806400F02C67 /* School_Zone_SafetyUITests.swift in Sources */ = {isa = PBXBuildFile; fileRef = 330F0FC01E77806400F02C67 /* School_Zone_SafetyUITests.swift */; };
/* End PBXBuildFile section */

/* Begin PBXContainerItemProxy section */
		330F0FB21E77806400F02C67 /* PBXContainerItemProxy */ = {
			isa = PBXContainerItemProxy;
			containerPortal = 330F0F951E77806200F02C67 /* Project object */;
			proxyType = 1;
			remoteGlobalIDString = 330F0F9C1E77806200F02C67;
			remoteInfo = "School Zone Safety";
		};
		330F0FBD1E77806400F02C67 /* PBXContainerItemProxy */ = {
			isa = PBXContainerItemProxy;
			containerPortal = 330F0F951E77806200F02C67 /* Project object */;
			proxyType = 1;
			remoteGlobalIDString = 330F0F9C1E77806200F02C67;
			remoteInfo = "School Zone Safety";
		};
/* End PBXContainerItemProxy section */

/* Begin PBXFileReference section */
		330F0F9D1E77806300F02C67 /* School Zone Safety.app */ = {isa = PBXFileReference; explicitFileType = wrapper.application; includeInIndex = 0; path = "School Zone Safety.app"; sourceTree = BUILT_PRODUCTS_DIR; };
		330F0FA01E77806300F02C67 /* AppDelegate.swift */ = {isa = PBXFileReference; lastKnownFileType = sourcecode.swift; path = AppDelegate.swift; sourceTree = "<group>"; };
		330F0FA21E77806300F02C67 /* ViewController.swift */ = {isa = PBXFileReference; lastKnownFileType = sourcecode.swift; path = ViewController.swift; sourceTree = "<group>"; };
		330F0FA51E77806300F02C67 /* Base */ = {isa = PBXFileReference; lastKnownFileType = file.storyboard; name = Base; path = Base.lproj/Main.storyboard; sourceTree = "<group>"; };
		330F0FA71E77806300F02C67 /* Assets.xcassets */ = {isa = PBXFileReference; lastKnownFileType = folder.assetcatalog; path = Assets.xcassets; sourceTree = "<group>"; };
		330F0FAA1E77806300F02C67 /* Base */ = {isa = PBXFileReference; lastKnownFileType = file.storyboard; name = Base; path = Base.lproj/LaunchScreen.storyboard; sourceTree = "<group>"; };
		330F0FAC1E77806300F02C67 /* Info.plist */ = {isa = PBXFileReference; lastKnownFileType = text.plist.xml; path = Info.plist; sourceTree = "<group>"; };
		330F0FB11E77806400F02C67 /* School Zone SafetyTests.xctest */ = {isa = PBXFileReference; explicitFileType = wrapper.cfbundle; includeInIndex = 0; path = "School Zone SafetyTests.xctest"; sourceTree = BUILT_PRODUCTS_DIR; };
		330F0FB51E77806400F02C67 /* School_Zone_SafetyTests.swift */ = {isa = PBXFileReference; lastKnownFileType = sourcecode.swift; path = School_Zone_SafetyTests.swift; sourceTree = "<group>"; };
		330F0FB71E77806400F02C67 /* Info.plist */ = {isa = PBXFileReference; lastKnownFileType = text.plist.xml; path = Info.plist; sourceTree = "<group>"; };
		330F0FBC1E77806400F02C67 /* School Zone SafetyUITests.xctest */ = {isa = PBXFileReference; explicitFileType = wrapper.cfbundle; includeInIndex = 0; path = "School Zone SafetyUITests.xctest"; sourceTree = BUILT_PRODUCTS_DIR; };
		330F0FC01E77806400F02C67 /* School_Zone_SafetyUITests.swift */ = {isa = PBXFileReference; lastKnownFileType = sourcecode.swift; path = School_Zone_SafetyUITests.swift; sourceTree = "<group>"; };
		330F0FC21E77806400F02C67 /* Info.plist */ = {isa = PBXFileReference; lastKnownFileType = text.plist.xml; path = Info.plist; sourceTree = "<group>"; };
/* End PBXFileReference section */

/* Begin PBXFrameworksBuildPhase section */
		330F0F9A1E77806200F02C67 /* Frameworks */ = {
			isa = PBXFrameworksBuildPhase;
			buildActionMask = 2147483647;
			files = (
			);
			runOnlyForDeploymentPostprocessing = 0;
		};
		330F0FAE1E77806400F02C67 /* Frameworks */ = {
			isa = PBXFrameworksBuildPhase;
			buildActionMask = 2147483647;
			files = (
			);
			runOnlyForDeploymentPostprocessing = 0;
		};
		330F0FB91E77806400F02C67 /* Frameworks */ = {
			isa = PBXFrameworksBuildPhase;
			buildActionMask = 2147483647;
			files = (
			);
			runOnlyForDeploymentPostprocessing = 0;
		};
/* End PBXFrameworksBuildPhase section */

/* Begin PBXGroup section */
		330F0F941E77806200F02C67 = {
			isa = PBXGroup;
			children = (
				330F0F9F1E77806300F02C67 /* School Zone Safety */,
				330F0FB41E77806400F02C67 /* School Zone SafetyTests */,
				330F0FBF1E77806400F02C67 /* School Zone SafetyUITests */,
				330F0F9E1E77806300F02C67 /* Products */,
			);
			sourceTree = "<group>";
		};
		330F0F9E1E77806300F02C67 /* Products */ = {
			isa = PBXGroup;
			children = (
				330F0F9D1E77806300F02C67 /* School Zone Safety.app */,
				330F0FB11E77806400F02C67 /* School Zone SafetyTests.xctest */,
				330F0FBC1E77806400F02C67 /* School Zone SafetyUITests.xctest */,
			);
			name = Products;
			sourceTree = "<group>";
		};
		330F0F9F1E77806300F02C67 /* School Zone Safety */ = {
			isa = PBXGroup;
			children = (
				330F0FA01E77806300F02C67 /* AppDelegate.swift */,
				330F0FA21E77806300F02C67 /* ViewController.swift */,
				330F0FA41E77806300F02C67 /* Main.storyboard */,
				330F0FA71E77806300F02C67 /* Assets.xcassets */,
				330F0FA91E77806300F02C67 /* LaunchScreen.storyboard */,
				330F0FAC1E77806300F02C67 /* Info.plist */,
			);
			path = "School Zone Safety";
			sourceTree = "<group>";
		};
		330F0FB41E77806400F02C67 /* School Zone SafetyTests */ = {
			isa = PBXGroup;
			children = (
				330F0FB51E77806400F02C67 /* School_Zone_SafetyTests.swift */,
				330F0FB71E77806400F02C67 /* Info.plist */,
			);
			path = "School Zone SafetyTests";
			sourceTree = "<group>";
		};
		330F0FBF1E77806400F02C67 /* School Zone SafetyUITests */ = {
			isa = PBXGroup;
			children = (
				330F0FC01E77806400F02C67 /* School_Zone_SafetyUITests.swift */,
				330F0FC21E77806400F02C67 /* Info.plist */,
			);
			path = "School Zone SafetyUITests";
			sourceTree = "<group>";
		};
/* End PBXGroup section */

/* Begin PBXNativeTarget section */
		330F0F9C1E77806200F02C67 /* School Zone Safety */ = {
			isa = PBXNativeTarget;
			buildConfigurationList = 330F0FC51E77806400F02C67 /* Build configuration list for PBXNativeTarget "School Zone Safety" */;
			buildPhases = (
				330F0F991E77806200F02C67 /* Sources */,
				330F0F9A1E77806200F02C67 /* Frameworks */,
				330F0F9B1E77806200F02C67 /* Resources */,
			);
			buildRules = (
			);
			dependencies = (
			);
			name = "School Zone Safety";
			productName = "School Zone Safety";
			productReference = 330F0F9D1E77806300F02C67 /* School Zone Safety.app */;
			productType = "com.apple.product-type.application";
		};
		330F0FB01E77806400F02C67 /* School Zone SafetyTests */ = {
			isa = PBXNativeTarget;
			buildConfigurationList = 330F0FC81E77806400F02C67 /* Build configuration list for PBXNativeTarget "School Zone SafetyTests" */;
			buildPhases = (
				330F0FAD1E77806400F02C67 /* Sources */,
				330F0FAE1E77806400F02C67 /* Frameworks */,
				330F0FAF1E77806400F02C67 /* Resources */,
			);
			buildRules = (
			);
			dependencies = (
				330F0FB31E77806400F02C67 /* PBXTargetDependency */,
			);
			name = "School Zone SafetyTests";
			productName = "School Zone SafetyTests";
			productReference = 330F0FB11E77806400F02C67 /* School Zone SafetyTests.xctest */;
			productType = "com.apple.product-type.bundle.unit-test";
		};
		330F0FBB1E77806400F02C67 /* School Zone SafetyUITests */ = {
			isa = PBXNativeTarget;
			buildConfigurationList = 330F0FCB1E77806400F02C67 /* Build configuration list for PBXNativeTarget "School Zone SafetyUITests" */;
			buildPhases = (
				330F0FB81E77806400F02C67 /* Sources */,
				330F0FB91E77806400F02C67 /* Frameworks */,
				330F0FBA1E77806400F02C67 /* Resources */,
			);
			buildRules = (
			);
			dependencies = (
				330F0FBE1E77806400F02C67 /* PBXTargetDependency */,
			);
			name = "School Zone SafetyUITests";
			productName = "School Zone SafetyUITests";
			productReference = 330F0FBC1E77806400F02C67 /* School Zone SafetyUITests.xctest */;
			productType = "com.apple.product-type.bundle.ui-testing";
		};
/* End PBXNativeTarget section */

/* Begin PBXProject section */
		330F0F951E77806200F02C67 /* Project object */ = {
			isa = PBXProject;
			attributes = {
				LastSwiftUpdateCheck = 0820;
				LastUpgradeCheck = 0820;
				ORGANIZATIONNAME = "Aaroh Sharma";
				TargetAttributes = {
					330F0F9C1E77806200F02C67 = {
						CreatedOnToolsVersion = 8.2.1;
						ProvisioningStyle = Automatic;
					};
					330F0FB01E77806400F02C67 = {
						CreatedOnToolsVersion = 8.2.1;
						ProvisioningStyle = Automatic;
						TestTargetID = 330F0F9C1E77806200F02C67;
					};
					330F0FBB1E77806400F02C67 = {
						CreatedOnToolsVersion = 8.2.1;
						ProvisioningStyle = Automatic;
						TestTargetID = 330F0F9C1E77806200F02C67;
					};
				};
			};
			buildConfigurationList = 330F0F981E77806200F02C67 /* Build configuration list for PBXProject "School Zone Safety" */;
			compatibilityVersion = "Xcode 3.2";
			developmentRegion = English;
			hasScannedForEncodings = 0;
			knownRegions = (
				en,
				Base,
			);
			mainGroup = 330F0F941E77806200F02C67;
			productRefGroup = 330F0F9E1E77806300F02C67 /* Products */;
			projectDirPath = "";
			projectRoot = "";
			targets = (
				330F0F9C1E77806200F02C67 /* School Zone Safety */,
				330F0FB01E77806400F02C67 /* School Zone SafetyTests */,
				330F0FBB1E77806400F02C67 /* School Zone SafetyUITests */,
			);
		};
/* End PBXProject section */

/* Begin PBXResourcesBuildPhase section */
		330F0F9B1E77806200F02C67 /* Resources */ = {
			isa = PBXResourcesBuildPhase;
			buildActionMask = 2147483647;
			files = (
				330F0FAB1E77806300F02C67 /* LaunchScreen.storyboard in Resources */,
				330F0FA81E77806300F02C67 /* Assets.xcassets in Resources */,
				330F0FA61E77806300F02C67 /* Main.storyboard in Resources */,
			);
			runOnlyForDeploymentPostprocessing = 0;
		};
		330F0FAF1E77806400F02C67 /* Resources */ = {
			isa = PBXResourcesBuildPhase;
			buildActionMask = 2147483647;
			files = (
			);
			runOnlyForDeploymentPostprocessing = 0;
		};
		330F0FBA1E77806400F02C67 /* Resources */ = {
			isa = PBXResourcesBuildPhase;
			buildActionMask = 2147483647;
			files = (
			);
			runOnlyForDeploymentPostprocessing = 0;
		};
/* End PBXResourcesBuildPhase section */

/* Begin PBXSourcesBuildPhase section */
		330F0F991E77806200F02C67 /* Sources */ = {
			isa = PBXSourcesBuildPhase;
			buildActionMask = 2147483647;
			files = (
				330F0FA31E77806300F02C67 /* ViewController.swift in Sources */,
				330F0FA11E77806300F02C67 /* AppDelegate.swift in Sources */,
			);
			runOnlyForDeploymentPostprocessing = 0;
		};
		330F0FAD1E77806400F02C67 /* Sources */ = {
			isa = PBXSourcesBuildPhase;
			buildActionMask = 2147483647;
			files = (
				330F0FB61E77806400F02C67 /* School_Zone_SafetyTests.swift in Sources */,
			);
			runOnlyForDeploymentPostprocessing = 0;
		};
		330F0FB81E77806400F02C67 /* Sources */ = {
			isa = PBXSourcesBuildPhase;
			buildActionMask = 2147483647;
			files = (
				330F0FC11E77806400F02C67 /* School_Zone_SafetyUITests.swift in Sources */,
			);
			runOnlyForDeploymentPostprocessing = 0;
		};
/* End PBXSourcesBuildPhase section */

/* Begin PBXTargetDependency section */
		330F0FB31E77806400F02C67 /* PBXTargetDependency */ = {
			isa = PBXTargetDependency;
			target = 330F0F9C1E77806200F02C67 /* School Zone Safety */;
			targetProxy = 330F0FB21E77806400F02C67 /* PBXContainerItemProxy */;
		};
		330F0FBE1E77806400F02C67 /* PBXTargetDependency */ = {
			isa = PBXTargetDependency;
			target = 330F0F9C1E77806200F02C67 /* School Zone Safety */;
			targetProxy = 330F0FBD1E77806400F02C67 /* PBXContainerItemProxy */;
		};
/* End PBXTargetDependency section */

/* Begin PBXVariantGroup section */
		330F0FA41E77806300F02C67 /* Main.storyboard */ = {
			isa = PBXVariantGroup;
			children = (
				330F0FA51E77806300F02C67 /* Base */,
			);
			name = Main.storyboard;
			sourceTree = "<group>";
		};
		330F0FA91E77806300F02C67 /* LaunchScreen.storyboard */ = {
			isa = PBXVariantGroup;
			children = (
				330F0FAA1E77806300F02C67 /* Base */,
			);
			name = LaunchScreen.storyboard;
			sourceTree = "<group>";
		};
/* End PBXVariantGroup section */

/* Begin XCBuildConfiguration section */
		330F0FC31E77806400F02C67 /* Debug */ = {
			isa = XCBuildConfiguration;
			buildSettings = {
				ALWAYS_SEARCH_USER_PATHS = NO;
				CLANG_ANALYZER_NONNULL = YES;
				CLANG_CXX_LANGUAGE_STANDARD = "gnu++0x";
				CLANG_CXX_LIBRARY = "libc++";
				CLANG_ENABLE_MODULES = YES;
				CLANG_ENABLE_OBJC_ARC = YES;
				CLANG_WARN_BOOL_CONVERSION = YES;
				CLANG_WARN_CONSTANT_CONVERSION = YES;
				CLANG_WARN_DIRECT_OBJC_ISA_USAGE = YES_ERROR;
				CLANG_WARN_DOCUMENTATION_COMMENTS = YES;
				CLANG_WARN_EMPTY_BODY = YES;
				CLANG_WARN_ENUM_CONVERSION = YES;
				CLANG_WARN_INFINITE_RECURSION = YES;
				CLANG_WARN_INT_CONVERSION = YES;
				CLANG_WARN_OBJC_ROOT_CLASS = YES_ERROR;
				CLANG_WARN_SUSPICIOUS_MOVE = YES;
				CLANG_WARN_UNREACHABLE_CODE = YES;
				CLANG_WARN__DUPLICATE_METHOD_MATCH = YES;
				"CODE_SIGN_IDENTITY[sdk=iphoneos*]" = "iPhone Developer";
				COPY_PHASE_STRIP = NO;
				DEBUG_INFORMATION_FORMAT = dwarf;
				ENABLE_STRICT_OBJC_MSGSEND = YES;
				ENABLE_TESTABILITY = YES;
				GCC_C_LANGUAGE_STANDARD = gnu99;
				GCC_DYNAMIC_NO_PIC = NO;
				GCC_NO_COMMON_BLOCKS = YES;
				GCC_OPTIMIZATION_LEVEL = 0;
				GCC_PREPROCESSOR_DEFINITIONS = (
					"DEBUG=1",
					"$(inherited)",
				);
				GCC_WARN_64_TO_32_BIT_CONVERSION = YES;
				GCC_WARN_ABOUT_RETURN_TYPE = YES_ERROR;
				GCC_WARN_UNDECLARED_SELECTOR = YES;
				GCC_WARN_UNINITIALIZED_AUTOS = YES_AGGRESSIVE;
				GCC_WARN_UNUSED_FUNCTION = YES;
				GCC_WARN_UNUSED_VARIABLE = YES;
				IPHONEOS_DEPLOYMENT_TARGET = 10.2;
				MTL_ENABLE_DEBUG_INFO = YES;
				ONLY_ACTIVE_ARCH = YES;
				SDKROOT = iphoneos;
				SWIFT_ACTIVE_COMPILATION_CONDITIONS = DEBUG;
				SWIFT_OPTIMIZATION_LEVEL = "-Onone";
			};
			name = Debug;
		};
		330F0FC41E77806400F02C67 /* Release */ = {
			isa = XCBuildConfiguration;
			buildSettings = {
				ALWAYS_SEARCH_USER_PATHS = NO;
				CLANG_ANALYZER_NONNULL = YES;
				CLANG_CXX_LANGUAGE_STANDARD = "gnu++0x";
				CLANG_CXX_LIBRARY = "libc++";
				CLANG_ENABLE_MODULES = YES;
				CLANG_ENABLE_OBJC_ARC = YES;
				CLANG_WARN_BOOL_CONVERSION = YES;
				CLANG_WARN_CONSTANT_CONVERSION = YES;
				CLANG_WARN_DIRECT_OBJC_ISA_USAGE = YES_ERROR;
				CLANG_WARN_DOCUMENTATION_COMMENTS = YES;
				CLANG_WARN_EMPTY_BODY = YES;
				CLANG_WARN_ENUM_CONVERSION = YES;
				CLANG_WARN_INFINITE_RECURSION = YES;
				CLANG_WARN_INT_CONVERSION = YES;
				CLANG_WARN_OBJC_ROOT_CLASS = YES_ERROR;
				CLANG_WARN_SUSPICIOUS_MOVE = YES;
				CLANG_WARN_UNREACHABLE_CODE = YES;
				CLANG_WARN__DUPLICATE_METHOD_MATCH = YES;
				"CODE_SIGN_IDENTITY[sdk=iphoneos*]" = "iPhone Developer";
				COPY_PHASE_STRIP = NO;
				DEBUG_INFORMATION_FORMAT = "dwarf-with-dsym";
				ENABLE_NS_ASSERTIONS = NO;
				ENABLE_STRICT_OBJC_MSGSEND = YES;
				GCC_C_LANGUAGE_STANDARD = gnu99;
				GCC_NO_COMMON_BLOCKS = YES;
				GCC_WARN_64_TO_32_BIT_CONVERSION = YES;
				GCC_WARN_ABOUT_RETURN_TYPE = YES_ERROR;
				GCC_WARN_UNDECLARED_SELECTOR = YES;
				GCC_WARN_UNINITIALIZED_AUTOS = YES_AGGRESSIVE;
				GCC_WARN_UNUSED_FUNCTION = YES;
				GCC_WARN_UNUSED_VARIABLE = YES;
				IPHONEOS_DEPLOYMENT_TARGET = 10.2;
				MTL_ENABLE_DEBUG_INFO = NO;
				SDKROOT = iphoneos;
				SWIFT_OPTIMIZATION_LEVEL = "-Owholemodule";
				VALIDATE_PRODUCT = YES;
			};
			name = Release;
		};
		330F0FC61E77806400F02C67 /* Debug */ = {
			isa = XCBuildConfiguration;
			buildSettings = {
				ASSETCATALOG_COMPILER_APPICON_NAME = AppIcon;
				INFOPLIST_FILE = "School Zone Safety/Info.plist";
				LD_RUNPATH_SEARCH_PATHS = "$(inherited) @executable_path/Frameworks";
				PRODUCT_BUNDLE_IDENTIFIER = "schoolzone.School-Zone-Safety";
				PRODUCT_NAME = "$(TARGET_NAME)";
				SWIFT_VERSION = 3.0;
			};
			name = Debug;
		};
		330F0FC71E77806400F02C67 /* Release */ = {
			isa = XCBuildConfiguration;
			buildSettings = {
				ASSETCATALOG_COMPILER_APPICON_NAME = AppIcon;
				INFOPLIST_FILE = "School Zone Safety/Info.plist";
				LD_RUNPATH_SEARCH_PATHS = "$(inherited) @executable_path/Frameworks";
				PRODUCT_BUNDLE_IDENTIFIER = "schoolzone.School-Zone-Safety";
				PRODUCT_NAME = "$(TARGET_NAME)";
				SWIFT_VERSION = 3.0;
			};
			name = Release;
		};
		330F0FC91E77806400F02C67 /* Debug */ = {
			isa = XCBuildConfiguration;
			buildSettings = {
				ALWAYS_EMBED_SWIFT_STANDARD_LIBRARIES = YES;
				BUNDLE_LOADER = "$(TEST_HOST)";
				INFOPLIST_FILE = "School Zone SafetyTests/Info.plist";
				LD_RUNPATH_SEARCH_PATHS = "$(inherited) @executable_path/Frameworks @loader_path/Frameworks";
				PRODUCT_BUNDLE_IDENTIFIER = "schoolzone.School-Zone-SafetyTests";
				PRODUCT_NAME = "$(TARGET_NAME)";
				SWIFT_VERSION = 3.0;
				TEST_HOST = "$(BUILT_PRODUCTS_DIR)/School Zone Safety.app/School Zone Safety";
			};
			name = Debug;
		};
		330F0FCA1E77806400F02C67 /* Release */ = {
			isa = XCBuildConfiguration;
			buildSettings = {
				ALWAYS_EMBED_SWIFT_STANDARD_LIBRARIES = YES;
				BUNDLE_LOADER = "$(TEST_HOST)";
				INFOPLIST_FILE = "School Zone SafetyTests/Info.plist";
				LD_RUNPATH_SEARCH_PATHS = "$(inherited) @executable_path/Frameworks @loader_path/Frameworks";
				PRODUCT_BUNDLE_IDENTIFIER = "schoolzone.School-Zone-SafetyTests";
				PRODUCT_NAME = "$(TARGET_NAME)";
				SWIFT_VERSION = 3.0;
				TEST_HOST = "$(BUILT_PRODUCTS_DIR)/School Zone Safety.app/School Zone Safety";
			};
			name = Release;
		};
		330F0FCC1E77806400F02C67 /* Debug */ = {
			isa = XCBuildConfiguration;
			buildSettings = {
				ALWAYS_EMBED_SWIFT_STANDARD_LIBRARIES = YES;
				INFOPLIST_FILE = "School Zone SafetyUITests/Info.plist";
				LD_RUNPATH_SEARCH_PATHS = "$(inherited) @executable_path/Frameworks @loader_path/Frameworks";
				PRODUCT_BUNDLE_IDENTIFIER = "schoolzone.School-Zone-SafetyUITests";
				PRODUCT_NAME = "$(TARGET_NAME)";
				SWIFT_VERSION = 3.0;
				TEST_TARGET_NAME = "School Zone Safety";
			};
			name = Debug;
		};
		330F0FCD1E77806400F02C67 /* Release */ = {
			isa = XCBuildConfiguration;
			buildSettings = {
				ALWAYS_EMBED_SWIFT_STANDARD_LIBRARIES = YES;
				INFOPLIST_FILE = "School Zone SafetyUITests/Info.plist";
				LD_RUNPATH_SEARCH_PATHS = "$(inherited) @executable_path/Frameworks @loader_path/Frameworks";
				PRODUCT_BUNDLE_IDENTIFIER = "schoolzone.School-Zone-SafetyUITests";
				PRODUCT_NAME = "$(TARGET_NAME)";
				SWIFT_VERSION = 3.0;
				TEST_TARGET_NAME = "School Zone Safety";
			};
			name = Release;
		};
/* End XCBuildConfiguration section */

/* Begin XCConfigurationList section */
		330F0F981E77806200F02C67 /* Build configuration list for PBXProject "School Zone Safety" */ = {
			isa = XCConfigurationList;
			buildConfigurations = (
				330F0FC31E77806400F02C67 /* Debug */,
				330F0FC41E77806400F02C67 /* Release */,
			);
			defaultConfigurationIsVisible = 0;
			defaultConfigurationName = Release;
		};
		330F0FC51E77806400F02C67 /* Build configuration list for PBXNativeTarget "School Zone Safety" */ = {
			isa = XCConfigurationList;
			buildConfigurations = (
				330F0FC61E77806400F02C67 /* Debug */,
				330F0FC71E77806400F02C67 /* Release */,
			);
			defaultConfigurationIsVisible = 0;
		};
		330F0FC81E77806400F02C67 /* Build configuration list for PBXNativeTarget "School Zone SafetyTests" */ = {
			isa = XCConfigurationList;
			buildConfigurations = (
				330F0FC91E77806400F02C67 /* Debug */,
				330F0FCA1E77806400F02C67 /* Release */,
			);
			defaultConfigurationIsVisible = 0;
		};
		330F0FCB1E77806400F02C67 /* Build configuration list for PBXNativeTarget "School Zone SafetyUITests" */ = {
			isa = XCConfigurationList;
			buildConfigurations = (
				330F0FCC1E77806400F02C67 /* Debug */,
				330F0FCD1E77806400F02C67 /* Release */,
			);
			defaultConfigurationIsVisible = 0;
		};
/* End XCConfigurationList section */
	};
	rootObject = 330F0F951E77806200F02C67 /* Project object */;
}
